
Microsoft Visual Studio Solution File, Format Version 12.00
# Visual Studio 15
VisualStudioVersion = 15.0.28307.421
MinimumVisualStudioVersion = 10.0.40219.1
Project("{FAE04EC0-301F-11D3-BF4B-00C04F79EFBC}") = "FinanceCalculator", "InterestRateCalculator\FinanceCalculator.csproj", "{BC271068-9DF8-47D6-BD39-08489E1E3323}"
EndProject
Project("{FAE04EC0-301F-11D3-BF4B-00C04F79EFBC}") = "FinanceCalculator.Tests", "FinanceCalculator.Tests\FinanceCalculator.Tests.csproj", "{D58472C7-FCB9-4EA6-9697-E253DB2E3FAB}"
EndProject
Global
	GlobalSection(SolutionConfigurationPlatforms) = preSolution
		Debug|Any CPU = Debug|Any CPU
		Release|Any CPU = Release|Any CPU
	EndGlobalSection
	GlobalSection(ProjectConfigurationPlatforms) = postSolution
		{BC271068-9DF8-47D6-BD39-08489E1E3323}.Debug|Any CPU.ActiveCfg = Debug|Any CPU
		{BC271068-9DF8-47D6-BD39-08489E1E3323}.Debug|Any CPU.Build.0 = Debug|Any CPU
		{BC271068-9DF8-47D6-BD39-08489E1E3323}.Release|Any CPU.ActiveCfg = Release|Any CPU
		{BC271068-9DF8-47D6-BD39-08489E1E3323}.Release|Any CPU.Build.0 = Release|Any CPU
		{D58472C7-FCB9-4EA6-9697-E253DB2E3FAB}.Debug|Any CPU.ActiveCfg = Debug|Any CPU
		{D58472C7-FCB9-4EA6-9697-E253DB2E3FAB}.Debug|Any CPU.Build.0 = Debug|Any CPU
		{D58472C7-FCB9-4EA6-9697-E253DB2E3FAB}.Release|Any CPU.ActiveCfg = Release|Any CPU
		{D58472C7-FCB9-4EA6-9697-E253DB2E3FAB}.Release|Any CPU.Build.0 = Release|Any CPU
	EndGlobalSection
	GlobalSection(SolutionProperties) = preSolution
		HideSolutionNode = FALSE
	EndGlobalSection
	GlobalSection(ExtensibilityGlobals) = postSolution
		SolutionGuid = {1F9CB76D-063E-4BCE-8CD7-9F2B688044B9}
	EndGlobalSection
EndGlobal
